
Microsoft Visual Studio Solution File, Format Version 12.00
# Visual Studio 14
VisualStudioVersion = 14.0.25420.1
MinimumVisualStudioVersion = 10.0.40219.1
Project("{8BC9CEB8-8B4A-11D0-8D11-00A0C91BC942}") = "persian", "persian\persian.vcxproj", "{468314F8-8CC7-4D6C-8089-FF5902D011EF}"
EndProject
Project("{8BC9CEB8-8B4A-11D0-8D11-00A0C91BC942}") = "test", "test\test.vcxproj", "{D0743BB7-1FE0-46E2-B19F-8AD0023A5C6A}"
EndProject
Global
	GlobalSection(SolutionConfigurationPlatforms) = preSolution
		Debug|x64 = Debug|x64
		Debug|x86 = Debug|x86
		Release|x64 = Release|x64
		Release|x86 = Release|x86
	EndGlobalSection
	GlobalSection(ProjectConfigurationPlatforms) = postSolution
		{468314F8-8CC7-4D6C-8089-FF5902D011EF}.Debug|x64.ActiveCfg = Debug|x64
		{468314F8-8CC7-4D6C-8089-FF5902D011EF}.Debug|x64.Build.0 = Debug|x64
		{468314F8-8CC7-4D6C-8089-FF5902D011EF}.Debug|x86.ActiveCfg = Debug|Win32
		{468314F8-8CC7-4D6C-8089-FF5902D011EF}.Debug|x86.Build.0 = Debug|Win32
		{468314F8-8CC7-4D6C-8089-FF5902D011EF}.Release|x64.ActiveCfg = Release|x64
		{468314F8-8CC7-4D6C-8089-FF5902D011EF}.Release|x64.Build.0 = Release|x64
		{468314F8-8CC7-4D6C-8089-FF5902D011EF}.Release|x86.ActiveCfg = Release|Win32
		{468314F8-8CC7-4D6C-8089-FF5902D011EF}.Release|x86.Build.0 = Release|Win32
		{D0743BB7-1FE0-46E2-B19F-8AD0023A5C6A}.Debug|x64.ActiveCfg = Debug|x64
		{D0743BB7-1FE0-46E2-B19F-8AD0023A5C6A}.Debug|x64.Build.0 = Debug|x64
		{D0743BB7-1FE0-46E2-B19F-8AD0023A5C6A}.Debug|x86.ActiveCfg = Debug|Win32
		{D0743BB7-1FE0-46E2-B19F-8AD0023A5C6A}.Debug|x86.Build.0 = Debug|Win32
		{D0743BB7-1FE0-46E2-B19F-8AD0023A5C6A}.Release|x64.ActiveCfg = Release|x64
		{D0743BB7-1FE0-46E2-B19F-8AD0023A5C6A}.Release|x64.Build.0 = Release|x64
		{D0743BB7-1FE0-46E2-B19F-8AD0023A5C6A}.Release|x86.ActiveCfg = Release|Win32
		{D0743BB7-1FE0-46E2-B19F-8AD0023A5C6A}.Release|x86.Build.0 = Release|Win32
	EndGlobalSection
	GlobalSection(SolutionProperties) = preSolution
		HideSolutionNode = FALSE
	EndGlobalSection
EndGlobal
